
Microsoft Visual Studio Solution File, Format Version 12.00
# Visual Studio Version 17
VisualStudioVersion = 17.5.33530.505
MinimumVisualStudioVersion = 10.0.40219.1
Project("{FAE04EC0-301F-11D3-BF4B-00C04F79EFBC}") = "Interactive Communication", "Interactive Communication\Interactive Communication.csproj", "{81C63B52-7829-41D8-83A1-EDAB19F860DC}"
EndProject
Global
	GlobalSection(SolutionConfigurationPlatforms) = preSolution
		Debug|ARM = Debug|ARM
		Debug|ARM64 = Debug|ARM64
		Debug|x64 = Debug|x64
		Debug|x86 = Debug|x86
		Release|ARM = Release|ARM
		Release|ARM64 = Release|ARM64
		Release|x64 = Release|x64
		Release|x86 = Release|x86
	EndGlobalSection
	GlobalSection(ProjectConfigurationPlatforms) = postSolution
		{81C63B52-7829-41D8-83A1-EDAB19F860DC}.Debug|ARM.ActiveCfg = Debug|ARM
		{81C63B52-7829-41D8-83A1-EDAB19F860DC}.Debug|ARM.Build.0 = Debug|ARM
		{81C63B52-7829-41D8-83A1-EDAB19F860DC}.Debug|ARM.Deploy.0 = Debug|ARM
		{81C63B52-7829-41D8-83A1-EDAB19F860DC}.Debug|ARM64.ActiveCfg = Debug|ARM64
		{81C63B52-7829-41D8-83A1-EDAB19F860DC}.Debug|ARM64.Build.0 = Debug|ARM64
		{81C63B52-7829-41D8-83A1-EDAB19F860DC}.Debug|ARM64.Deploy.0 = Debug|ARM64
		{81C63B52-7829-41D8-83A1-EDAB19F860DC}.Debug|x64.ActiveCfg = Debug|x64
		{81C63B52-7829-41D8-83A1-EDAB19F860DC}.Debug|x64.Build.0 = Debug|x64
		{81C63B52-7829-41D8-83A1-EDAB19F860DC}.Debug|x64.Deploy.0 = Debug|x64
		{81C63B52-7829-41D8-83A1-EDAB19F860DC}.Debug|x86.ActiveCfg = Debug|x86
		{81C63B52-7829-41D8-83A1-EDAB19F860DC}.Debug|x86.Build.0 = Debug|x86
		{81C63B52-7829-41D8-83A1-EDAB19F860DC}.Debug|x86.Deploy.0 = Debug|x86
		{81C63B52-7829-41D8-83A1-EDAB19F860DC}.Release|ARM.ActiveCfg = Release|ARM
		{81C63B52-7829-41D8-83A1-EDAB19F860DC}.Release|ARM.Build.0 = Release|ARM
		{81C63B52-7829-41D8-83A1-EDAB19F860DC}.Release|ARM.Deploy.0 = Release|ARM
		{81C63B52-7829-41D8-83A1-EDAB19F860DC}.Release|ARM64.ActiveCfg = Release|ARM64
		{81C63B52-7829-41D8-83A1-EDAB19F860DC}.Release|ARM64.Build.0 = Release|ARM64
		{81C63B52-7829-41D8-83A1-EDAB19F860DC}.Release|ARM64.Deploy.0 = Release|ARM64
		{81C63B52-7829-41D8-83A1-EDAB19F860DC}.Release|x64.ActiveCfg = Release|x64
		{81C63B52-7829-41D8-83A1-EDAB19F860DC}.Release|x64.Build.0 = Release|x64
		{81C63B52-7829-41D8-83A1-EDAB19F860DC}.Release|x64.Deploy.0 = Release|x64
		{81C63B52-7829-41D8-83A1-EDAB19F860DC}.Release|x86.ActiveCfg = Release|x86
		{81C63B52-7829-41D8-83A1-EDAB19F860DC}.Release|x86.Build.0 = Release|x86
		{81C63B52-7829-41D8-83A1-EDAB19F860DC}.Release|x86.Deploy.0 = Release|x86
	EndGlobalSection
	GlobalSection(SolutionProperties) = preSolution
		HideSolutionNode = FALSE
	EndGlobalSection
	GlobalSection(ExtensibilityGlobals) = postSolution
		SolutionGuid = {8D6DD0EA-341D-44C8-A97B-F1A529A06C74}
	EndGlobalSection
EndGlobal
